{
  "name": "fet_web_app",
  "version": "1.0.0",
  "lockfileVersion": 2,
  "requires": true,
  "packages": {
    "": {
      "name": "fet_web_app",
      "version": "1.0.0",
      "license": "ISC",
      "dependencies": {
        "json2excel": "^1.2.0"
      },
      "devDependencies": {
        "@types/better-sqlite3": "^7.6.12",
        "@types/node": "^22.13.10"
      }
    },
    "node_modules/@types/better-sqlite3": {
      "version": "7.6.12",
      "resolved": "https://registry.npmmirror.com/@types/better-sqlite3/-/better-sqlite3-7.6.12.tgz",
      "integrity": "sha512-fnQmj8lELIj7BSrZQAdBMHEHX8OZLYIHXqAKT1O7tDfLxaINzf00PMjw22r3N/xXh0w/sGHlO6SVaCQ2mj78lg==",
      "dev": true,
      "license": "MIT",
      "dependencies": {
        "@types/node": "*"
      }
    },
    "node_modules/@types/node": {
      "version": "22.13.10",
      "resolved": "https://registry.npmmirror.com/@types/node/-/node-22.13.10.tgz",
      "integrity": "sha512-I6LPUvlRH+O6VRUqYOcMudhaIdUVWfsjnZavnsraHvpBwaEyMN29ry+0UVJhImYL16xsscu0aske3yA+uPOWfw==",
      "dev": true,
      "license": "MIT",
      "dependencies": {
        "undici-types": "~6.20.0"
      }
    },
    "node_modules/adler-32": {
      "version": "1.3.1",
      "resolved": "https://registry.npmmirror.com/adler-32/-/adler-32-1.3.1.tgz",
      "integrity": "sha512-ynZ4w/nUUv5rrsR8UUGoe1VC9hZj6V5hU9Qw1HlMDJGEJw5S7TfTErWTjMys6M7vr0YWcPqs3qAr4ss0nDfP+A==",
      "license": "Apache-2.0",
      "engines": {
        "node": ">=0.8"
      }
    },
    "node_modules/cfb": {
      "version": "0.11.1",
      "resolved": "https://registry.npmmirror.com/cfb/-/cfb-0.11.1.tgz",
      "integrity": "sha512-1GEqpcO365hTRpP+GzHXNiUF5SB7qmY5aVYwrJm8ISx27HzHpaFlTQhnOCMNhqP0WPkHR0OGE9WDSqtksV4anw==",
      "license": "Apache-2.0",
      "dependencies": {
        "commander": ""
      },
      "bin": {
        "cfb": "bin/cfb.njs"
      },
      "engines": {
        "node": ">=0.8"
      }
    },
    "node_modules/codepage": {
      "version": "1.15.0",
      "resolved": "https://registry.npmmirror.com/codepage/-/codepage-1.15.0.tgz",
      "integrity": "sha512-3g6NUTPd/YtuuGrhMnOMRjFc+LJw/bnMp3+0r/Wcz3IXUuCosKRJvMphm5+Q+bvTVGcJJuRvVLuYba+WojaFaA==",
      "license": "Apache-2.0",
      "engines": {
        "node": ">=0.8"
      }
    },
    "node_modules/colors": {
      "version": "0.6.2",
      "resolved": "https://registry.npmmirror.com/colors/-/colors-0.6.2.tgz",
      "integrity": "sha512-OsSVtHK8Ir8r3+Fxw/b4jS1ZLPXkV6ZxDRJQzeD7qo0SqMXWrHDM71DgYzPMHY8SFJ0Ao+nNU2p1MmwdzKqPrw==",
      "engines": {
        "node": ">=0.1.90"
      }
    },
    "node_modules/commander": {
      "version": "13.1.0",
      "resolved": "https://registry.npmmirror.com/commander/-/commander-13.1.0.tgz",
      "integrity": "sha512-/rFeCpNJQbhSZjGVwO9RFV3xPqbnERS8MmIQzCtD/zl6gpJuV/bMLuN92oG3F7d8oDEHHRrujSXNUr8fpjntKw==",
      "license": "MIT",
      "engines": {
        "node": ">=18"
      }
    },
    "node_modules/crc-32": {
      "version": "1.2.2",
      "resolved": "https://registry.npmmirror.com/crc-32/-/crc-32-1.2.2.tgz",
      "integrity": "sha512-ROmzCKrTnOwybPcJApAA6WBWij23HVfGVNKqqrZpuyZOHqK2CwHSvpGuyt/UNNvaIjEd8X5IFGp4Mh+Ie1IHJQ==",
      "license": "Apache-2.0",
      "bin": {
        "crc32": "bin/crc32.njs"
      },
      "engines": {
        "node": ">=0.8"
      }
    },
    "node_modules/exit-on-epipe": {
      "version": "1.0.1",
      "resolved": "https://registry.npmmirror.com/exit-on-epipe/-/exit-on-epipe-1.0.1.tgz",
      "integrity": "sha512-h2z5mrROTxce56S+pnvAV890uu7ls7f1kEvVGJbw1OlFH3/mlJ5bkXu0KRyW94v37zzHPiUd55iLn3DA7TjWpw==",
      "license": "Apache-2.0",
      "engines": {
        "node": ">=0.8"
      }
    },
    "node_modules/frac": {
      "version": "0.3.1",
      "resolved": "https://registry.npmmirror.com/frac/-/frac-0.3.1.tgz",
      "integrity": "sha512-1Lzf2jOjhIkRaa013KlxNOn2D9FemmQNeYUDpEIyPeFXmpLvbZXJOlaayMBT6JKXx+afQFgQ1QJ4kaF7Z07QFQ==",
      "engines": {
        "node": ">=0.8"
      }
    },
    "node_modules/json2excel": {
      "version": "1.2.0",
      "resolved": "https://registry.npmmirror.com/json2excel/-/json2excel-1.2.0.tgz",
      "integrity": "sha512-iFN8IaHkdHpQjQPHkFQAQWaahmB0CdUIY0nsjp5n5iuCA+7VxO2WX+9XX7Cn1QpE37uLrFysvKiqTUArlIwC0w==",
      "license": "MIT",
      "dependencies": {
        "node-xlsx": "^0.6.0"
      }
    },
    "node_modules/lodash._arraymap": {
      "version": "3.0.0",
      "resolved": "https://registry.npmmirror.com/lodash._arraymap/-/lodash._arraymap-3.0.0.tgz",
      "integrity": "sha512-IhRssF2bzQoFQ2Q5H1O52HuJY+OtcHDZekEhaMJ6RkUF+gpLlAsizSRsKp3Ho555ANRk69DFp5b4LOlym4S0bw==",
      "license": "MIT"
    },
    "node_modules/lodash._baseassign": {
      "version": "3.2.0",
      "resolved": "https://registry.npmmirror.com/lodash._baseassign/-/lodash._baseassign-3.2.0.tgz",
      "integrity": "sha512-t3N26QR2IdSN+gqSy9Ds9pBu/J1EAFEshKlUHpJG3rvyJOYgcELIxcIeKKfZk7sjOz11cFfzJRsyFry/JyabJQ==",
      "license": "MIT",
      "dependencies": {
        "lodash._basecopy": "^3.0.0",
        "lodash.keys": "^3.0.0"
      }
    },
    "node_modules/lodash._basecallback": {
      "version": "3.3.1",
      "resolved": "https://registry.npmmirror.com/lodash._basecallback/-/lodash._basecallback-3.3.1.tgz",
      "integrity": "sha512-LQffghuO63ufDY33KKO1ezGKbcFZK3ngYV7JpxaUomoM5acf0YeXU3Pm8csVE0girVs50TXzfNibl69Co3ggJA==",
      "license": "MIT",
      "dependencies": {
        "lodash._baseisequal": "^3.0.0",
        "lodash._bindcallback": "^3.0.0",
        "lodash.isarray": "^3.0.0",
        "lodash.pairs": "^3.0.0"
      }
    },
    "node_modules/lodash._basecopy": {
      "version": "3.0.1",
      "resolved": "https://registry.npmmirror.com/lodash._basecopy/-/lodash._basecopy-3.0.1.tgz",
      "integrity": "sha512-rFR6Vpm4HeCK1WPGvjZSJ+7yik8d8PVUdCJx5rT2pogG4Ve/2ZS7kfmO5l5T2o5V2mqlNIfSF5MZlr1+xOoYQQ==",
      "license": "MIT"
    },
    "node_modules/lodash._baseeach": {
      "version": "3.0.4",
      "resolved": "https://registry.npmmirror.com/lodash._baseeach/-/lodash._baseeach-3.0.4.tgz",
      "integrity": "sha512-IqUZ9MQo2UT1XPGuBntInqTOlc+oV+bCo0kMp+yuKGsfvRSNgUW0YjWVZUrG/gs+8z/Eyuc0jkJjOBESt9BXxg==",
      "license": "MIT",
      "dependencies": {
        "lodash.keys": "^3.0.0"
      }
    },
    "node_modules/lodash._baseisequal": {
      "version": "3.0.7",
      "resolved": "https://registry.npmmirror.com/lodash._baseisequal/-/lodash._baseisequal-3.0.7.tgz",
      "integrity": "sha512-U+3GsNEZj9ebI03ncLC2pLmYVjgtYZEwdkAPO7UGgtGvAz36JVFPAQUufpSaVL93Cz5arc6JGRKZRhaOhyVJYA==",
      "license": "MIT",
      "dependencies": {
        "lodash.isarray": "^3.0.0",
        "lodash.istypedarray": "^3.0.0",
        "lodash.keys": "^3.0.0"
      }
    },
    "node_modules/lodash._bindcallback": {
      "version": "3.0.1",
      "resolved": "https://registry.npmmirror.com/lodash._bindcallback/-/lodash._bindcallback-3.0.1.tgz",
      "integrity": "sha512-2wlI0JRAGX8WEf4Gm1p/mv/SZ+jLijpj0jyaE/AXeuQphzCgD8ZQW4oSpoN8JAopujOFGU3KMuq7qfHBWlGpjQ==",
      "license": "MIT"
    },
    "node_modules/lodash._createassigner": {
      "version": "3.1.1",
      "resolved": "https://registry.npmmirror.com/lodash._createassigner/-/lodash._createassigner-3.1.1.tgz",
      "integrity": "sha512-LziVL7IDnJjQeeV95Wvhw6G28Z8Q6da87LWKOPWmzBLv4u6FAT/x5v00pyGW0u38UoogNF2JnD3bGgZZDaNEBw==",
      "license": "MIT",
      "dependencies": {
        "lodash._bindcallback": "^3.0.0",
        "lodash._isiterateecall": "^3.0.0",
        "lodash.restparam": "^3.0.0"
      }
    },
    "node_modules/lodash._getnative": {
      "version": "3.9.1",
      "resolved": "https://registry.npmmirror.com/lodash._getnative/-/lodash._getnative-3.9.1.tgz",
      "integrity": "sha512-RrL9VxMEPyDMHOd9uFbvMe8X55X16/cGM5IgOKgRElQZutpX89iS6vwl64duTV1/16w5JY7tuFNXqoekmh1EmA==",
      "license": "MIT"
    },
    "node_modules/lodash._isiterateecall": {
      "version": "3.0.9",
      "resolved": "https://registry.npmmirror.com/lodash._isiterateecall/-/lodash._isiterateecall-3.0.9.tgz",
      "integrity": "sha512-De+ZbrMu6eThFti/CSzhRvTKMgQToLxbij58LMfM8JnYDNSOjkjTCIaa8ixglOeGh2nyPlakbt5bJWJ7gvpYlQ==",
      "license": "MIT"
    },
    "node_modules/lodash.assign": {
      "version": "3.2.0",
      "resolved": "https://registry.npmmirror.com/lodash.assign/-/lodash.assign-3.2.0.tgz",
      "integrity": "sha512-/VVxzgGBmbphasTg51FrztxQJ/VgAUpol6zmJuSVSGcNg4g7FA4z7rQV8Ovr9V3vFBNWZhvKWHfpAytjTVUfFA==",
      "license": "MIT",
      "dependencies": {
        "lodash._baseassign": "^3.0.0",
        "lodash._createassigner": "^3.0.0",
        "lodash.keys": "^3.0.0"
      }
    },
    "node_modules/lodash.defaults": {
      "version": "3.1.2",
      "resolved": "https://registry.npmmirror.com/lodash.defaults/-/lodash.defaults-3.1.2.tgz",
      "integrity": "sha512-X7135IXFQt5JDFnYxOVAzVz+kFvwDn3N8DJYf+nrz/mMWEuSu7+OL6rWqsk3+VR1T4TejFCSu5isBJOLSID2bg==",
      "license": "MIT",
      "dependencies": {
        "lodash.assign": "^3.0.0",
        "lodash.restparam": "^3.0.0"
      }
    },
    "node_modules/lodash.isarguments": {
      "version": "3.1.0",
      "resolved": "https://registry.npmmirror.com/lodash.isarguments/-/lodash.isarguments-3.1.0.tgz",
      "integrity": "sha512-chi4NHZlZqZD18a0imDHnZPrDeBbTtVN7GXMwuGdRH9qotxAjYs3aVLKc7zNOG9eddR5Ksd8rvFEBc9SsggPpg==",
      "license": "MIT"
    },
    "node_modules/lodash.isarray": {
      "version": "3.0.4",
      "resolved": "https://registry.npmmirror.com/lodash.isarray/-/lodash.isarray-3.0.4.tgz",
      "integrity": "sha512-JwObCrNJuT0Nnbuecmqr5DgtuBppuCvGD9lxjFpAzwnVtdGoDQ1zig+5W8k5/6Gcn0gZ3936HDAlGd28i7sOGQ==",
      "license": "MIT"
    },
    "node_modules/lodash.istypedarray": {
      "version": "3.0.6",
      "resolved": "https://registry.npmmirror.com/lodash.istypedarray/-/lodash.istypedarray-3.0.6.tgz",
      "integrity": "sha512-lGWJ6N8AA3KSv+ZZxlTdn4f6A7kMfpJboeyvbFdE7IU9YAgweODqmOgdUHOA+c6lVWeVLysdaxciFXi+foVsWw==",
      "license": "MIT"
    },
    "node_modules/lodash.keys": {
      "version": "3.1.2",
      "resolved": "https://registry.npmmirror.com/lodash.keys/-/lodash.keys-3.1.2.tgz",
      "integrity": "sha512-CuBsapFjcubOGMn3VD+24HOAPxM79tH+V6ivJL3CHYjtrawauDJHUk//Yew9Hvc6e9rbCrURGk8z6PC+8WJBfQ==",
      "license": "MIT",
      "dependencies": {
        "lodash._getnative": "^3.0.0",
        "lodash.isarguments": "^3.0.0",
        "lodash.isarray": "^3.0.0"
      }
    },
    "node_modules/lodash.map": {
      "version": "3.1.4",
      "resolved": "https://registry.npmmirror.com/lodash.map/-/lodash.map-3.1.4.tgz",
      "integrity": "sha512-v7djb/pW+RLcvsmQlHAjZN+zyKyiXgSEdq7V3kVmoT1aCa1bBWy4RbnJRN1SAvNGvkRVfqj66V01wiq+C3b6Cg==",
      "license": "MIT",
      "dependencies": {
        "lodash._arraymap": "^3.0.0",
        "lodash._basecallback": "^3.0.0",
        "lodash._baseeach": "^3.0.0",
        "lodash.isarray": "^3.0.0",
        "lodash.keys": "^3.0.0"
      }
    },
    "node_modules/lodash.pairs": {
      "version": "3.0.1",
      "resolved": "https://registry.npmmirror.com/lodash.pairs/-/lodash.pairs-3.0.1.tgz",
      "integrity": "sha512-lgXvpU43ZNQrZ/pK2cR97YzKeAno3e3HhcyvLKsofljeHKrQcZhT1vW7fg4X61c92tM+mjD/DypoLZYuAKNIkQ==",
      "license": "MIT",
      "dependencies": {
        "lodash.keys": "^3.0.0"
      }
    },
    "node_modules/lodash.restparam": {
      "version": "3.6.1",
      "resolved": "https://registry.npmmirror.com/lodash.restparam/-/lodash.restparam-3.6.1.tgz",
      "integrity": "sha512-L4/arjjuq4noiUJpt3yS6KIKDtJwNe2fIYgMqyYYKoeIfV1iEqvPwhCx23o+R9dzouGihDAPN1dTIRWa7zk8tw==",
      "license": "MIT"
    },
    "node_modules/node-xlsx": {
      "version": "0.6.0",
      "resolved": "https://registry.npmmirror.com/node-xlsx/-/node-xlsx-0.6.0.tgz",
      "integrity": "sha512-mYnrx2U3xuEATH+Fj2DYos2G5IvwJXJ2U7TMq1VqizSxk2T5rCt9KXRIAD9vVy/WB907PckiJl49Aay8lbJ1Ow==",
      "license": "Apache License, Version 2.0",
      "dependencies": {
        "lodash.defaults": "^3.1.2",
        "lodash.map": "^3.1.4",
        "xlsx": "^0.8.0"
      }
    },
    "node_modules/ssf": {
      "version": "0.8.2",
      "resolved": "https://registry.npmmirror.com/ssf/-/ssf-0.8.2.tgz",
      "integrity": "sha512-+ZkFDAG+ImJ48DcZvabx6YTrZ67DKkM0kbyOOtH73mbUEvNhQWWgRZrHC8+k7GuGKWQnACYLi7bj0eCt1jmosQ==",
      "license": "Apache-2.0",
      "dependencies": {
        "colors": "0.6.2",
        "frac": "0.3.1",
        "voc": ""
      },
      "bin": {
        "ssf": "bin/ssf.njs"
      },
      "engines": {
        "node": ">=0.8"
      }
    },
    "node_modules/undici-types": {
      "version": "6.20.0",
      "resolved": "https://registry.npmmirror.com/undici-types/-/undici-types-6.20.0.tgz",
      "integrity": "sha512-Ny6QZ2Nju20vw1SRHe3d9jVu6gJ+4e3+MMpqu7pqE5HT6WsTSlce++GQmK5UXS8mzV8DSYHrQH+Xrf2jVcuKNg==",
      "dev": true,
      "license": "MIT"
    },
    "node_modules/voc": {
      "version": "1.2.0",
      "resolved": "https://registry.npmmirror.com/voc/-/voc-1.2.0.tgz",
      "integrity": "sha512-BOuDjFFYvJdZO6e/N65AlaDItXo2TgyLjeyRYcqgAPkXpp5yTJcvkL2n+syO1r9Qc5g96tfBD2tuiMhYDmaGcA==",
      "license": "Apache-2.0",
      "bin": {
        "voc": "voc.njs"
      },
      "engines": {
        "node": ">=0.8"
      }
    },
    "node_modules/xlsx": {
      "version": "0.8.8",
      "resolved": "https://registry.npmmirror.com/xlsx/-/xlsx-0.8.8.tgz",
      "integrity": "sha512-aNxJqlXJgzZtjxd4Qx+gCXeg/o3jNVPjHq7aQuhe2s8fmN8Z6Rqk4egQVQS7jX9L3u97X9LVWDmp9hq7zwoUeQ==",
      "deprecated": "this version is no longer supported.  More info at https://cdn.sheetjs.com/xlsx/",
      "license": "Apache-2.0",
      "dependencies": {
        "adler-32": "",
        "cfb": "~0.11.0",
        "codepage": "",
        "commander": "",
        "crc-32": "",
        "exit-on-epipe": "",
        "ssf": "~0.8.1"
      },
      "bin": {
        "xlsx": "bin/xlsx.njs"
      },
      "engines": {
        "node": ">=0.8"
      }
    }
  },
  "dependencies": {
    "@types/better-sqlite3": {
      "version": "7.6.12",
      "resolved": "https://registry.npmmirror.com/@types/better-sqlite3/-/better-sqlite3-7.6.12.tgz",
      "integrity": "sha512-fnQmj8lELIj7BSrZQAdBMHEHX8OZLYIHXqAKT1O7tDfLxaINzf00PMjw22r3N/xXh0w/sGHlO6SVaCQ2mj78lg==",
      "dev": true,
      "requires": {
        "@types/node": "*"
      }
    },
    "@types/node": {
      "version": "22.13.10",
      "resolved": "https://registry.npmmirror.com/@types/node/-/node-22.13.10.tgz",
      "integrity": "sha512-I6LPUvlRH+O6VRUqYOcMudhaIdUVWfsjnZavnsraHvpBwaEyMN29ry+0UVJhImYL16xsscu0aske3yA+uPOWfw==",
      "dev": true,
      "requires": {
        "undici-types": "~6.20.0"
      }
    },
    "adler-32": {
      "version": "1.3.1",
      "resolved": "https://registry.npmmirror.com/adler-32/-/adler-32-1.3.1.tgz",
      "integrity": "sha512-ynZ4w/nUUv5rrsR8UUGoe1VC9hZj6V5hU9Qw1HlMDJGEJw5S7TfTErWTjMys6M7vr0YWcPqs3qAr4ss0nDfP+A=="
    },
    "cfb": {
      "version": "0.11.1",
      "resolved": "https://registry.npmmirror.com/cfb/-/cfb-0.11.1.tgz",
      "integrity": "sha512-1GEqpcO365hTRpP+GzHXNiUF5SB7qmY5aVYwrJm8ISx27HzHpaFlTQhnOCMNhqP0WPkHR0OGE9WDSqtksV4anw==",
      "requires": {
        "commander": ""
      }
    },
    "codepage": {
      "version": "1.15.0",
      "resolved": "https://registry.npmmirror.com/codepage/-/codepage-1.15.0.tgz",
      "integrity": "sha512-3g6NUTPd/YtuuGrhMnOMRjFc+LJw/bnMp3+0r/Wcz3IXUuCosKRJvMphm5+Q+bvTVGcJJuRvVLuYba+WojaFaA=="
    },
    "colors": {
      "version": "0.6.2",
      "resolved": "https://registry.npmmirror.com/colors/-/colors-0.6.2.tgz",
      "integrity": "sha512-OsSVtHK8Ir8r3+Fxw/b4jS1ZLPXkV6ZxDRJQzeD7qo0SqMXWrHDM71DgYzPMHY8SFJ0Ao+nNU2p1MmwdzKqPrw=="
    },
    "commander": {
      "version": "13.1.0",
      "resolved": "https://registry.npmmirror.com/commander/-/commander-13.1.0.tgz",
      "integrity": "sha512-/rFeCpNJQbhSZjGVwO9RFV3xPqbnERS8MmIQzCtD/zl6gpJuV/bMLuN92oG3F7d8oDEHHRrujSXNUr8fpjntKw=="
    },
    "crc-32": {
      "version": "1.2.2",
      "resolved": "https://registry.npmmirror.com/crc-32/-/crc-32-1.2.2.tgz",
      "integrity": "sha512-ROmzCKrTnOwybPcJApAA6WBWij23HVfGVNKqqrZpuyZOHqK2CwHSvpGuyt/UNNvaIjEd8X5IFGp4Mh+Ie1IHJQ=="
    },
    "exit-on-epipe": {
      "version": "1.0.1",
      "resolved": "https://registry.npmmirror.com/exit-on-epipe/-/exit-on-epipe-1.0.1.tgz",
      "integrity": "sha512-h2z5mrROTxce56S+pnvAV890uu7ls7f1kEvVGJbw1OlFH3/mlJ5bkXu0KRyW94v37zzHPiUd55iLn3DA7TjWpw=="
    },
    "frac": {
      "version": "0.3.1",
      "resolved": "https://registry.npmmirror.com/frac/-/frac-0.3.1.tgz",
      "integrity": "sha512-1Lzf2jOjhIkRaa013KlxNOn2D9FemmQNeYUDpEIyPeFXmpLvbZXJOlaayMBT6JKXx+afQFgQ1QJ4kaF7Z07QFQ=="
    },
    "json2excel": {
      "version": "1.2.0",
      "resolved": "https://registry.npmmirror.com/json2excel/-/json2excel-1.2.0.tgz",
      "integrity": "sha512-iFN8IaHkdHpQjQPHkFQAQWaahmB0CdUIY0nsjp5n5iuCA+7VxO2WX+9XX7Cn1QpE37uLrFysvKiqTUArlIwC0w==",
      "requires": {
        "node-xlsx": "^0.6.0"
      }
    },
    "lodash._arraymap": {
      "version": "3.0.0",
      "resolved": "https://registry.npmmirror.com/lodash._arraymap/-/lodash._arraymap-3.0.0.tgz",
      "integrity": "sha512-IhRssF2bzQoFQ2Q5H1O52HuJY+OtcHDZekEhaMJ6RkUF+gpLlAsizSRsKp3Ho555ANRk69DFp5b4LOlym4S0bw=="
    },
    "lodash._baseassign": {
      "version": "3.2.0",
      "resolved": "https://registry.npmmirror.com/lodash._baseassign/-/lodash._baseassign-3.2.0.tgz",
      "integrity": "sha512-t3N26QR2IdSN+gqSy9Ds9pBu/J1EAFEshKlUHpJG3rvyJOYgcELIxcIeKKfZk7sjOz11cFfzJRsyFry/JyabJQ==",
      "requires": {
        "lodash._basecopy": "^3.0.0",
        "lodash.keys": "^3.0.0"
      }
    },
    "lodash._basecallback": {
      "version": "3.3.1",
      "resolved": "https://registry.npmmirror.com/lodash._basecallback/-/lodash._basecallback-3.3.1.tgz",
      "integrity": "sha512-LQffghuO63ufDY33KKO1ezGKbcFZK3ngYV7JpxaUomoM5acf0YeXU3Pm8csVE0girVs50TXzfNibl69Co3ggJA==",
      "requires": {
        "lodash._baseisequal": "^3.0.0",
        "lodash._bindcallback": "^3.0.0",
        "lodash.isarray": "^3.0.0",
        "lodash.pairs": "^3.0.0"
      }
    },
    "lodash._basecopy": {
      "version": "3.0.1",
      "resolved": "https://registry.npmmirror.com/lodash._basecopy/-/lodash._basecopy-3.0.1.tgz",
      "integrity": "sha512-rFR6Vpm4HeCK1WPGvjZSJ+7yik8d8PVUdCJx5rT2pogG4Ve/2ZS7kfmO5l5T2o5V2mqlNIfSF5MZlr1+xOoYQQ=="
    },
    "lodash._baseeach": {
      "version": "3.0.4",
      "resolved": "https://registry.npmmirror.com/lodash._baseeach/-/lodash._baseeach-3.0.4.tgz",
      "integrity": "sha512-IqUZ9MQo2UT1XPGuBntInqTOlc+oV+bCo0kMp+yuKGsfvRSNgUW0YjWVZUrG/gs+8z/Eyuc0jkJjOBESt9BXxg==",
      "requires": {
        "lodash.keys": "^3.0.0"
      }
    },
    "lodash._baseisequal": {
      "version": "3.0.7",
      "resolved": "https://registry.npmmirror.com/lodash._baseisequal/-/lodash._baseisequal-3.0.7.tgz",
      "integrity": "sha512-U+3GsNEZj9ebI03ncLC2pLmYVjgtYZEwdkAPO7UGgtGvAz36JVFPAQUufpSaVL93Cz5arc6JGRKZRhaOhyVJYA==",
      "requires": {
        "lodash.isarray": "^3.0.0",
        "lodash.istypedarray": "^3.0.0",
        "lodash.keys": "^3.0.0"
      }
    },
    "lodash._bindcallback": {
      "version": "3.0.1",
      "resolved": "https://registry.npmmirror.com/lodash._bindcallback/-/lodash._bindcallback-3.0.1.tgz",
      "integrity": "sha512-2wlI0JRAGX8WEf4Gm1p/mv/SZ+jLijpj0jyaE/AXeuQphzCgD8ZQW4oSpoN8JAopujOFGU3KMuq7qfHBWlGpjQ=="
    },
    "lodash._createassigner": {
      "version": "3.1.1",
      "resolved": "https://registry.npmmirror.com/lodash._createassigner/-/lodash._createassigner-3.1.1.tgz",
      "integrity": "sha512-LziVL7IDnJjQeeV95Wvhw6G28Z8Q6da87LWKOPWmzBLv4u6FAT/x5v00pyGW0u38UoogNF2JnD3bGgZZDaNEBw==",
      "requires": {
        "lodash._bindcallback": "^3.0.0",
        "lodash._isiterateecall": "^3.0.0",
        "lodash.restparam": "^3.0.0"
      }
    },
    "lodash._getnative": {
      "version": "3.9.1",
      "resolved": "https://registry.npmmirror.com/lodash._getnative/-/lodash._getnative-3.9.1.tgz",
      "integrity": "sha512-RrL9VxMEPyDMHOd9uFbvMe8X55X16/cGM5IgOKgRElQZutpX89iS6vwl64duTV1/16w5JY7tuFNXqoekmh1EmA=="
    },
    "lodash._isiterateecall": {
      "version": "3.0.9",
      "resolved": "https://registry.npmmirror.com/lodash._isiterateecall/-/lodash._isiterateecall-3.0.9.tgz",
      "integrity": "sha512-De+ZbrMu6eThFti/CSzhRvTKMgQToLxbij58LMfM8JnYDNSOjkjTCIaa8ixglOeGh2nyPlakbt5bJWJ7gvpYlQ=="
    },
    "lodash.assign": {
      "version": "3.2.0",
      "resolved": "https://registry.npmmirror.com/lodash.assign/-/lodash.assign-3.2.0.tgz",
      "integrity": "sha512-/VVxzgGBmbphasTg51FrztxQJ/VgAUpol6zmJuSVSGcNg4g7FA4z7rQV8Ovr9V3vFBNWZhvKWHfpAytjTVUfFA==",
      "requires": {
        "lodash._baseassign": "^3.0.0",
        "lodash._createassigner": "^3.0.0",
        "lodash.keys": "^3.0.0"
      }
    },
    "lodash.defaults": {
      "version": "3.1.2",
      "resolved": "https://registry.npmmirror.com/lodash.defaults/-/lodash.defaults-3.1.2.tgz",
      "integrity": "sha512-X7135IXFQt5JDFnYxOVAzVz+kFvwDn3N8DJYf+nrz/mMWEuSu7+OL6rWqsk3+VR1T4TejFCSu5isBJOLSID2bg==",
      "requires": {
        "lodash.assign": "^3.0.0",
        "lodash.restparam": "^3.0.0"
      }
    },
    "lodash.isarguments": {
      "version": "3.1.0",
      "resolved": "https://registry.npmmirror.com/lodash.isarguments/-/lodash.isarguments-3.1.0.tgz",
      "integrity": "sha512-chi4NHZlZqZD18a0imDHnZPrDeBbTtVN7GXMwuGdRH9qotxAjYs3aVLKc7zNOG9eddR5Ksd8rvFEBc9SsggPpg=="
    },
    "lodash.isarray": {
      "version": "3.0.4",
      "resolved": "https://registry.npmmirror.com/lodash.isarray/-/lodash.isarray-3.0.4.tgz",
      "integrity": "sha512-JwObCrNJuT0Nnbuecmqr5DgtuBppuCvGD9lxjFpAzwnVtdGoDQ1zig+5W8k5/6Gcn0gZ3936HDAlGd28i7sOGQ=="
    },
    "lodash.istypedarray": {
      "version": "3.0.6",
      "resolved": "https://registry.npmmirror.com/lodash.istypedarray/-/lodash.istypedarray-3.0.6.tgz",
      "integrity": "sha512-lGWJ6N8AA3KSv+ZZxlTdn4f6A7kMfpJboeyvbFdE7IU9YAgweODqmOgdUHOA+c6lVWeVLysdaxciFXi+foVsWw=="
    },
    "lodash.keys": {
      "version": "3.1.2",
      "resolved": "https://registry.npmmirror.com/lodash.keys/-/lodash.keys-3.1.2.tgz",
      "integrity": "sha512-CuBsapFjcubOGMn3VD+24HOAPxM79tH+V6ivJL3CHYjtrawauDJHUk//Yew9Hvc6e9rbCrURGk8z6PC+8WJBfQ==",
      "requires": {
        "lodash._getnative": "^3.0.0",
        "lodash.isarguments": "^3.0.0",
        "lodash.isarray": "^3.0.0"
      }
    },
    "lodash.map": {
      "version": "3.1.4",
      "resolved": "https://registry.npmmirror.com/lodash.map/-/lodash.map-3.1.4.tgz",
      "integrity": "sha512-v7djb/pW+RLcvsmQlHAjZN+zyKyiXgSEdq7V3kVmoT1aCa1bBWy4RbnJRN1SAvNGvkRVfqj66V01wiq+C3b6Cg==",
      "requires": {
        "lodash._arraymap": "^3.0.0",
        "lodash._basecallback": "^3.0.0",
        "lodash._baseeach": "^3.0.0",
        "lodash.isarray": "^3.0.0",
        "lodash.keys": "^3.0.0"
      }
    },
    "lodash.pairs": {
      "version": "3.0.1",
      "resolved": "https://registry.npmmirror.com/lodash.pairs/-/lodash.pairs-3.0.1.tgz",
      "integrity": "sha512-lgXvpU43ZNQrZ/pK2cR97YzKeAno3e3HhcyvLKsofljeHKrQcZhT1vW7fg4X61c92tM+mjD/DypoLZYuAKNIkQ==",
      "requires": {
        "lodash.keys": "^3.0.0"
      }
    },
    "lodash.restparam": {
      "version": "3.6.1",
      "resolved": "https://registry.npmmirror.com/lodash.restparam/-/lodash.restparam-3.6.1.tgz",
      "integrity": "sha512-L4/arjjuq4noiUJpt3yS6KIKDtJwNe2fIYgMqyYYKoeIfV1iEqvPwhCx23o+R9dzouGihDAPN1dTIRWa7zk8tw=="
    },
    "node-xlsx": {
      "version": "0.6.0",
      "resolved": "https://registry.npmmirror.com/node-xlsx/-/node-xlsx-0.6.0.tgz",
      "integrity": "sha512-mYnrx2U3xuEATH+Fj2DYos2G5IvwJXJ2U7TMq1VqizSxk2T5rCt9KXRIAD9vVy/WB907PckiJl49Aay8lbJ1Ow==",
      "requires": {
        "lodash.defaults": "^3.1.2",
        "lodash.map": "^3.1.4",
        "xlsx": "^0.8.0"
      }
    },
    "ssf": {
      "version": "0.8.2",
      "resolved": "https://registry.npmmirror.com/ssf/-/ssf-0.8.2.tgz",
      "integrity": "sha512-+ZkFDAG+ImJ48DcZvabx6YTrZ67DKkM0kbyOOtH73mbUEvNhQWWgRZrHC8+k7GuGKWQnACYLi7bj0eCt1jmosQ==",
      "requires": {
        "colors": "0.6.2",
        "frac": "0.3.1",
        "voc": ""
      }
    },
    "undici-types": {
      "version": "6.20.0",
      "resolved": "https://registry.npmmirror.com/undici-types/-/undici-types-6.20.0.tgz",
      "integrity": "sha512-Ny6QZ2Nju20vw1SRHe3d9jVu6gJ+4e3+MMpqu7pqE5HT6WsTSlce++GQmK5UXS8mzV8DSYHrQH+Xrf2jVcuKNg==",
      "dev": true
    },
    "voc": {
      "version": "1.2.0",
      "resolved": "https://registry.npmmirror.com/voc/-/voc-1.2.0.tgz",
      "integrity": "sha512-BOuDjFFYvJdZO6e/N65AlaDItXo2TgyLjeyRYcqgAPkXpp5yTJcvkL2n+syO1r9Qc5g96tfBD2tuiMhYDmaGcA=="
    },
    "xlsx": {
      "version": "0.8.8",
      "resolved": "https://registry.npmmirror.com/xlsx/-/xlsx-0.8.8.tgz",
      "integrity": "sha512-aNxJqlXJgzZtjxd4Qx+gCXeg/o3jNVPjHq7aQuhe2s8fmN8Z6Rqk4egQVQS7jX9L3u97X9LVWDmp9hq7zwoUeQ==",
      "requires": {
        "adler-32": "",
        "cfb": "~0.11.0",
        "codepage": "",
        "commander": "",
        "crc-32": "",
        "exit-on-epipe": "",
        "ssf": "~0.8.1"
      }
    }
  }
}
